
Microsoft Visual Studio Solution File, Format Version 12.00
# Visual Studio Version 17
VisualStudioVersion = 17.6.33723.286
MinimumVisualStudioVersion = 10.0.40219.1
Project("{FAE04EC0-301F-11D3-BF4B-00C04F79EFBC}") = "CommonHelper", "CommonHelper.csproj", "{DA2DAB0A-A258-4007-B982-02753BCA37FE}"
EndProject
Project("{FAE04EC0-301F-11D3-BF4B-00C04F79EFBC}") = "ConsoleApp1", "..\ConsoleApp1\ConsoleApp1.csproj", "{9A680DE3-78F3-412D-9955-4F0654DC954F}"
EndProject
Global
	GlobalSection(SolutionConfigurationPlatforms) = preSolution
		Debug|Any CPU = Debug|Any CPU
		Release|Any CPU = Release|Any CPU
	EndGlobalSection
	GlobalSection(ProjectConfigurationPlatforms) = postSolution
		{DA2DAB0A-A258-4007-B982-02753BCA37FE}.Debug|Any CPU.ActiveCfg = Debug|Any CPU
		{DA2DAB0A-A258-4007-B982-02753BCA37FE}.Debug|Any CPU.Build.0 = Debug|Any CPU
		{DA2DAB0A-A258-4007-B982-02753BCA37FE}.Release|Any CPU.ActiveCfg = Release|Any CPU
		{DA2DAB0A-A258-4007-B982-02753BCA37FE}.Release|Any CPU.Build.0 = Release|Any CPU
		{9A680DE3-78F3-412D-9955-4F0654DC954F}.Debug|Any CPU.ActiveCfg = Debug|Any CPU
		{9A680DE3-78F3-412D-9955-4F0654DC954F}.Debug|Any CPU.Build.0 = Debug|Any CPU
		{9A680DE3-78F3-412D-9955-4F0654DC954F}.Release|Any CPU.ActiveCfg = Release|Any CPU
		{9A680DE3-78F3-412D-9955-4F0654DC954F}.Release|Any CPU.Build.0 = Release|Any CPU
	EndGlobalSection
	GlobalSection(SolutionProperties) = preSolution
		HideSolutionNode = FALSE
	EndGlobalSection
	GlobalSection(ExtensibilityGlobals) = postSolution
		SolutionGuid = {209C9135-D5A1-4D32-B7A9-6E3DE87F5B16}
	EndGlobalSection
EndGlobal
